
Microsoft Visual Studio Solution File, Format Version 12.00
# Visual Studio Version 17
VisualStudioVersion = 17.7.34202.233
MinimumVisualStudioVersion = 10.0.40219.1
Project("{FAE04EC0-301F-11D3-BF4B-00C04F79EFBC}") = "AdapterPattern", "AdapterPattern\AdapterPattern.csproj", "{2F73A059-EBF1-4CB0-A13F-6B56A1D296DA}"
EndProject
Global
	GlobalSection(SolutionConfigurationPlatforms) = preSolution
		Debug|Any CPU = Debug|Any CPU
		Release|Any CPU = Release|Any CPU
	EndGlobalSection
	GlobalSection(ProjectConfigurationPlatforms) = postSolution
		{2F73A059-EBF1-4CB0-A13F-6B56A1D296DA}.Debug|Any CPU.ActiveCfg = Debug|Any CPU
		{2F73A059-EBF1-4CB0-A13F-6B56A1D296DA}.Debug|Any CPU.Build.0 = Debug|Any CPU
		{2F73A059-EBF1-4CB0-A13F-6B56A1D296DA}.Release|Any CPU.ActiveCfg = Release|Any CPU
		{2F73A059-EBF1-4CB0-A13F-6B56A1D296DA}.Release|Any CPU.Build.0 = Release|Any CPU
	EndGlobalSection
	GlobalSection(SolutionProperties) = preSolution
		HideSolutionNode = FALSE
	EndGlobalSection
	GlobalSection(ExtensibilityGlobals) = postSolution
		SolutionGuid = {0EEB05DF-BC7A-46AC-907C-4B99D87BC6D9}
	EndGlobalSection
EndGlobal
